// !$*UTF8*$!
{
	archiveVersion = 1;
	classes = {
	};
	objectVersion = 56;
	objects = {

/* Begin PBXBuildFile section */
		161D13F82B99D78300A24819 /* Coordinator.swift in Sources */ = {isa = PBXBuildFile; fileRef = 161D13F72B99D78300A24819 /* Coordinator.swift */; };
		167270A52B9905DA00D21FA7 /* AppDelegate.swift in Sources */ = {isa = PBXBuildFile; fileRef = 167270A42B9905DA00D21FA7 /* AppDelegate.swift */; };
		167270A72B9905DA00D21FA7 /* SceneDelegate.swift in Sources */ = {isa = PBXBuildFile; fileRef = 167270A62B9905DA00D21FA7 /* SceneDelegate.swift */; };
		167270A92B9905DA00D21FA7 /* ViewController.swift in Sources */ = {isa = PBXBuildFile; fileRef = 167270A82B9905DA00D21FA7 /* ViewController.swift */; };
		167270AE2B9905DC00D21FA7 /* Assets.xcassets in Resources */ = {isa = PBXBuildFile; fileRef = 167270AD2B9905DC00D21FA7 /* Assets.xcassets */; };
		167270B12B9905DC00D21FA7 /* LaunchScreen.storyboard in Resources */ = {isa = PBXBuildFile; fileRef = 167270AF2B9905DC00D21FA7 /* LaunchScreen.storyboard */; };
		167270CB2B990B6200D21FA7 /* Roboto-Medium.ttf in Resources */ = {isa = PBXBuildFile; fileRef = 167270BE2B990B6200D21FA7 /* Roboto-Medium.ttf */; };
		167270CC2B990B6200D21FA7 /* Roboto-Light.ttf in Resources */ = {isa = PBXBuildFile; fileRef = 167270BF2B990B6200D21FA7 /* Roboto-Light.ttf */; };
		167270CD2B990B6200D21FA7 /* Roboto-Regular.ttf in Resources */ = {isa = PBXBuildFile; fileRef = 167270C02B990B6200D21FA7 /* Roboto-Regular.ttf */; };
		167270CE2B990B6200D21FA7 /* Roboto-MediumItalic.ttf in Resources */ = {isa = PBXBuildFile; fileRef = 167270C12B990B6200D21FA7 /* Roboto-MediumItalic.ttf */; };
		167270CF2B990B6200D21FA7 /* Roboto-ThinItalic.ttf in Resources */ = {isa = PBXBuildFile; fileRef = 167270C22B990B6200D21FA7 /* Roboto-ThinItalic.ttf */; };
		167270D02B990B6200D21FA7 /* Roboto-BoldItalic.ttf in Resources */ = {isa = PBXBuildFile; fileRef = 167270C32B990B6200D21FA7 /* Roboto-BoldItalic.ttf */; };
		167270D12B990B6200D21FA7 /* Roboto-LightItalic.ttf in Resources */ = {isa = PBXBuildFile; fileRef = 167270C42B990B6200D21FA7 /* Roboto-LightItalic.ttf */; };
		167270D22B990B6200D21FA7 /* Roboto-Italic.ttf in Resources */ = {isa = PBXBuildFile; fileRef = 167270C52B990B6200D21FA7 /* Roboto-Italic.ttf */; };
		167270D32B990B6200D21FA7 /* LICENSE.txt in Resources */ = {isa = PBXBuildFile; fileRef = 167270C62B990B6200D21FA7 /* LICENSE.txt */; };
		167270D42B990B6200D21FA7 /* Roboto-BlackItalic.ttf in Resources */ = {isa = PBXBuildFile; fileRef = 167270C72B990B6200D21FA7 /* Roboto-BlackItalic.ttf */; };
		167270D52B990B6200D21FA7 /* Roboto-Bold.ttf in Resources */ = {isa = PBXBuildFile; fileRef = 167270C82B990B6200D21FA7 /* Roboto-Bold.ttf */; };
		167270D62B990B6200D21FA7 /* Roboto-Thin.ttf in Resources */ = {isa = PBXBuildFile; fileRef = 167270C92B990B6200D21FA7 /* Roboto-Thin.ttf */; };
		167270D72B990B6200D21FA7 /* Roboto-Black.ttf in Resources */ = {isa = PBXBuildFile; fileRef = 167270CA2B990B6200D21FA7 /* Roboto-Black.ttf */; };
		167270DA2B990E0B00D21FA7 /* UIFont+Extension.swift in Sources */ = {isa = PBXBuildFile; fileRef = 167270D92B990E0B00D21FA7 /* UIFont+Extension.swift */; };
		167270DC2B99104300D21FA7 /* UIColor+Extension.swift in Sources */ = {isa = PBXBuildFile; fileRef = 167270DB2B99104300D21FA7 /* UIColor+Extension.swift */; };
		167270DF2B99109700D21FA7 /* AppColors.swift in Sources */ = {isa = PBXBuildFile; fileRef = 167270DE2B99109700D21FA7 /* AppColors.swift */; };
/* End PBXBuildFile section */

/* Begin PBXFileReference section */
		161D13F72B99D78300A24819 /* Coordinator.swift */ = {isa = PBXFileReference; lastKnownFileType = sourcecode.swift; path = Coordinator.swift; sourceTree = "<group>"; };
		167270A12B9905DA00D21FA7 /* Food Delivery.app */ = {isa = PBXFileReference; explicitFileType = wrapper.application; includeInIndex = 0; path = "Food Delivery.app"; sourceTree = BUILT_PRODUCTS_DIR; };
		167270A42B9905DA00D21FA7 /* AppDelegate.swift */ = {isa = PBXFileReference; lastKnownFileType = sourcecode.swift; path = AppDelegate.swift; sourceTree = "<group>"; };
		167270A62B9905DA00D21FA7 /* SceneDelegate.swift */ = {isa = PBXFileReference; lastKnownFileType = sourcecode.swift; path = SceneDelegate.swift; sourceTree = "<group>"; };
		167270A82B9905DA00D21FA7 /* ViewController.swift */ = {isa = PBXFileReference; lastKnownFileType = sourcecode.swift; path = ViewController.swift; sourceTree = "<group>"; };
		167270AD2B9905DC00D21FA7 /* Assets.xcassets */ = {isa = PBXFileReference; lastKnownFileType = folder.assetcatalog; path = Assets.xcassets; sourceTree = "<group>"; };
		167270B02B9905DC00D21FA7 /* Base */ = {isa = PBXFileReference; lastKnownFileType = file.storyboard; name = Base; path = Base.lproj/LaunchScreen.storyboard; sourceTree = "<group>"; };
		167270B22B9905DC00D21FA7 /* Info.plist */ = {isa = PBXFileReference; lastKnownFileType = text.plist.xml; path = Info.plist; sourceTree = "<group>"; };
		167270BE2B990B6200D21FA7 /* Roboto-Medium.ttf */ = {isa = PBXFileReference; lastKnownFileType = file; path = "Roboto-Medium.ttf"; sourceTree = "<group>"; };
		167270BF2B990B6200D21FA7 /* Roboto-Light.ttf */ = {isa = PBXFileReference; lastKnownFileType = file; path = "Roboto-Light.ttf"; sourceTree = "<group>"; };
		167270C02B990B6200D21FA7 /* Roboto-Regular.ttf */ = {isa = PBXFileReference; lastKnownFileType = file; path = "Roboto-Regular.ttf"; sourceTree = "<group>"; };
		167270C12B990B6200D21FA7 /* Roboto-MediumItalic.ttf */ = {isa = PBXFileReference; lastKnownFileType = file; path = "Roboto-MediumItalic.ttf"; sourceTree = "<group>"; };
		167270C22B990B6200D21FA7 /* Roboto-ThinItalic.ttf */ = {isa = PBXFileReference; lastKnownFileType = file; path = "Roboto-ThinItalic.ttf"; sourceTree = "<group>"; };
		167270C32B990B6200D21FA7 /* Roboto-BoldItalic.ttf */ = {isa = PBXFileReference; lastKnownFileType = file; path = "Roboto-BoldItalic.ttf"; sourceTree = "<group>"; };
		167270C42B990B6200D21FA7 /* Roboto-LightItalic.ttf */ = {isa = PBXFileReference; lastKnownFileType = file; path = "Roboto-LightItalic.ttf"; sourceTree = "<group>"; };
		167270C52B990B6200D21FA7 /* Roboto-Italic.ttf */ = {isa = PBXFileReference; lastKnownFileType = file; path = "Roboto-Italic.ttf"; sourceTree = "<group>"; };
		167270C62B990B6200D21FA7 /* LICENSE.txt */ = {isa = PBXFileReference; fileEncoding = 4; lastKnownFileType = text; path = LICENSE.txt; sourceTree = "<group>"; };
		167270C72B990B6200D21FA7 /* Roboto-BlackItalic.ttf */ = {isa = PBXFileReference; lastKnownFileType = file; path = "Roboto-BlackItalic.ttf"; sourceTree = "<group>"; };
		167270C82B990B6200D21FA7 /* Roboto-Bold.ttf */ = {isa = PBXFileReference; lastKnownFileType = file; path = "Roboto-Bold.ttf"; sourceTree = "<group>"; };
		167270C92B990B6200D21FA7 /* Roboto-Thin.ttf */ = {isa = PBXFileReference; lastKnownFileType = file; path = "Roboto-Thin.ttf"; sourceTree = "<group>"; };
		167270CA2B990B6200D21FA7 /* Roboto-Black.ttf */ = {isa = PBXFileReference; lastKnownFileType = file; path = "Roboto-Black.ttf"; sourceTree = "<group>"; };
		167270D92B990E0B00D21FA7 /* UIFont+Extension.swift */ = {isa = PBXFileReference; lastKnownFileType = sourcecode.swift; path = "UIFont+Extension.swift"; sourceTree = "<group>"; };
		167270DB2B99104300D21FA7 /* UIColor+Extension.swift */ = {isa = PBXFileReference; lastKnownFileType = sourcecode.swift; path = "UIColor+Extension.swift"; sourceTree = "<group>"; };
		167270DE2B99109700D21FA7 /* AppColors.swift */ = {isa = PBXFileReference; lastKnownFileType = sourcecode.swift; path = AppColors.swift; sourceTree = "<group>"; };
/* End PBXFileReference section */

/* Begin PBXFrameworksBuildPhase section */
		1672709E2B9905DA00D21FA7 /* Frameworks */ = {
			isa = PBXFrameworksBuildPhase;
			buildActionMask = 2147483647;
			files = (
			);
			runOnlyForDeploymentPostprocessing = 0;
		};
/* End PBXFrameworksBuildPhase section */

/* Begin PBXGroup section */
		161D13F42B99D5E300A24819 /* NavigationLayer */ = {
			isa = PBXGroup;
			children = (
				161D13F62B99D67900A24819 /* Coordinators */,
				161D13F52B99D66C00A24819 /* Controllers */,
			);
			path = NavigationLayer;
			sourceTree = "<group>";
		};
		161D13F52B99D66C00A24819 /* Controllers */ = {
			isa = PBXGroup;
			children = (
			);
			name = Controllers;
			sourceTree = "<group>";
		};
		161D13F62B99D67900A24819 /* Coordinators */ = {
			isa = PBXGroup;
			children = (
				161D13F72B99D78300A24819 /* Coordinator.swift */,
			);
			path = Coordinators;
			sourceTree = "<group>";
		};
		167270982B9905DA00D21FA7 = {
			isa = PBXGroup;
			children = (
				167270A32B9905DA00D21FA7 /* Food Delivery */,
				167270A22B9905DA00D21FA7 /* Products */,
			);
			sourceTree = "<group>";
		};
		167270A22B9905DA00D21FA7 /* Products */ = {
			isa = PBXGroup;
			children = (
				167270A12B9905DA00D21FA7 /* Food Delivery.app */,
			);
			name = Products;
			sourceTree = "<group>";
		};
		167270A32B9905DA00D21FA7 /* Food Delivery */ = {
			isa = PBXGroup;
			children = (
				161D13F42B99D5E300A24819 /* NavigationLayer */,
				167270BB2B990B2900D21FA7 /* Resourses */,
				167270A82B9905DA00D21FA7 /* ViewController.swift */,
				167270AD2B9905DC00D21FA7 /* Assets.xcassets */,
				167270AF2B9905DC00D21FA7 /* LaunchScreen.storyboard */,
				167270B82B99071A00D21FA7 /* Delegate */,
				167270B22B9905DC00D21FA7 /* Info.plist */,
			);
			path = "Food Delivery";
			sourceTree = "<group>";
		};
		167270B82B99071A00D21FA7 /* Delegate */ = {
			isa = PBXGroup;
			children = (
				167270A42B9905DA00D21FA7 /* AppDelegate.swift */,
				167270A62B9905DA00D21FA7 /* SceneDelegate.swift */,
			);
			path = Delegate;
			sourceTree = "<group>";
		};
		167270BB2B990B2900D21FA7 /* Resourses */ = {
			isa = PBXGroup;
			children = (
				167270D82B990DD800D21FA7 /* Extensions */,
				167270BC2B990B4A00D21FA7 /* Fonts */,
				167270DD2B99107200D21FA7 /* Colors */,
			);
			path = Resourses;
			sourceTree = "<group>";
		};
		167270BC2B990B4A00D21FA7 /* Fonts */ = {
			isa = PBXGroup;
			children = (
				167270BD2B990B6200D21FA7 /* Roboto */,
			);
			name = Fonts;
			sourceTree = "<group>";
		};
		167270BD2B990B6200D21FA7 /* Roboto */ = {
			isa = PBXGroup;
			children = (
				167270BE2B990B6200D21FA7 /* Roboto-Medium.ttf */,
				167270BF2B990B6200D21FA7 /* Roboto-Light.ttf */,
				167270C02B990B6200D21FA7 /* Roboto-Regular.ttf */,
				167270C12B990B6200D21FA7 /* Roboto-MediumItalic.ttf */,
				167270C22B990B6200D21FA7 /* Roboto-ThinItalic.ttf */,
				167270C32B990B6200D21FA7 /* Roboto-BoldItalic.ttf */,
				167270C42B990B6200D21FA7 /* Roboto-LightItalic.ttf */,
				167270C52B990B6200D21FA7 /* Roboto-Italic.ttf */,
				167270C62B990B6200D21FA7 /* LICENSE.txt */,
				167270C72B990B6200D21FA7 /* Roboto-BlackItalic.ttf */,
				167270C82B990B6200D21FA7 /* Roboto-Bold.ttf */,
				167270C92B990B6200D21FA7 /* Roboto-Thin.ttf */,
				167270CA2B990B6200D21FA7 /* Roboto-Black.ttf */,
			);
			path = Roboto;
			sourceTree = "<group>";
		};
		167270D82B990DD800D21FA7 /* Extensions */ = {
			isa = PBXGroup;
			children = (
				167270D92B990E0B00D21FA7 /* UIFont+Extension.swift */,
				167270DB2B99104300D21FA7 /* UIColor+Extension.swift */,
			);
			path = Extensions;
			sourceTree = "<group>";
		};
		167270DD2B99107200D21FA7 /* Colors */ = {
			isa = PBXGroup;
			children = (
				167270DE2B99109700D21FA7 /* AppColors.swift */,
			);
			name = Colors;
			sourceTree = "<group>";
		};
/* End PBXGroup section */

/* Begin PBXNativeTarget section */
		167270A02B9905DA00D21FA7 /* Food Delivery */ = {
			isa = PBXNativeTarget;
			buildConfigurationList = 167270B52B9905DC00D21FA7 /* Build configuration list for PBXNativeTarget "Food Delivery" */;
			buildPhases = (
				1672709D2B9905DA00D21FA7 /* Sources */,
				1672709E2B9905DA00D21FA7 /* Frameworks */,
				1672709F2B9905DA00D21FA7 /* Resources */,
			);
			buildRules = (
			);
			dependencies = (
			);
			name = "Food Delivery";
			productName = "Food Delivery";
			productReference = 167270A12B9905DA00D21FA7 /* Food Delivery.app */;
			productType = "com.apple.product-type.application";
		};
/* End PBXNativeTarget section */

/* Begin PBXProject section */
		167270992B9905DA00D21FA7 /* Project object */ = {
			isa = PBXProject;
			attributes = {
				BuildIndependentTargetsInParallel = 1;
				LastSwiftUpdateCheck = 1520;
				LastUpgradeCheck = 1520;
				TargetAttributes = {
					167270A02B9905DA00D21FA7 = {
						CreatedOnToolsVersion = 15.2;
					};
				};
			};
			buildConfigurationList = 1672709C2B9905DA00D21FA7 /* Build configuration list for PBXProject "Food Delivery" */;
			compatibilityVersion = "Xcode 14.0";
			developmentRegion = en;
			hasScannedForEncodings = 0;
			knownRegions = (
				en,
				Base,
			);
			mainGroup = 167270982B9905DA00D21FA7;
			productRefGroup = 167270A22B9905DA00D21FA7 /* Products */;
			projectDirPath = "";
			projectRoot = "";
			targets = (
				167270A02B9905DA00D21FA7 /* Food Delivery */,
			);
		};
/* End PBXProject section */

/* Begin PBXResourcesBuildPhase section */
		1672709F2B9905DA00D21FA7 /* Resources */ = {
			isa = PBXResourcesBuildPhase;
			buildActionMask = 2147483647;
			files = (
				167270D62B990B6200D21FA7 /* Roboto-Thin.ttf in Resources */,
				167270D32B990B6200D21FA7 /* LICENSE.txt in Resources */,
				167270D72B990B6200D21FA7 /* Roboto-Black.ttf in Resources */,
				167270D52B990B6200D21FA7 /* Roboto-Bold.ttf in Resources */,
				167270B12B9905DC00D21FA7 /* LaunchScreen.storyboard in Resources */,
				167270AE2B9905DC00D21FA7 /* Assets.xcassets in Resources */,
				167270D02B990B6200D21FA7 /* Roboto-BoldItalic.ttf in Resources */,
				167270CD2B990B6200D21FA7 /* Roboto-Regular.ttf in Resources */,
				167270CF2B990B6200D21FA7 /* Roboto-ThinItalic.ttf in Resources */,
				167270D12B990B6200D21FA7 /* Roboto-LightItalic.ttf in Resources */,
				167270D42B990B6200D21FA7 /* Roboto-BlackItalic.ttf in Resources */,
				167270CC2B990B6200D21FA7 /* Roboto-Light.ttf in Resources */,
				167270D22B990B6200D21FA7 /* Roboto-Italic.ttf in Resources */,
				167270CE2B990B6200D21FA7 /* Roboto-MediumItalic.ttf in Resources */,
				167270CB2B990B6200D21FA7 /* Roboto-Medium.ttf in Resources */,
			);
			runOnlyForDeploymentPostprocessing = 0;
		};
/* End PBXResourcesBuildPhase section */

/* Begin PBXSourcesBuildPhase section */
		1672709D2B9905DA00D21FA7 /* Sources */ = {
			isa = PBXSourcesBuildPhase;
			buildActionMask = 2147483647;
			files = (
				167270A92B9905DA00D21FA7 /* ViewController.swift in Sources */,
				167270A52B9905DA00D21FA7 /* AppDelegate.swift in Sources */,
				167270DA2B990E0B00D21FA7 /* UIFont+Extension.swift in Sources */,
				167270DF2B99109700D21FA7 /* AppColors.swift in Sources */,
				167270A72B9905DA00D21FA7 /* SceneDelegate.swift in Sources */,
				167270DC2B99104300D21FA7 /* UIColor+Extension.swift in Sources */,
				161D13F82B99D78300A24819 /* Coordinator.swift in Sources */,
			);
			runOnlyForDeploymentPostprocessing = 0;
		};
/* End PBXSourcesBuildPhase section */

/* Begin PBXVariantGroup section */
		167270AF2B9905DC00D21FA7 /* LaunchScreen.storyboard */ = {
			isa = PBXVariantGroup;
			children = (
				167270B02B9905DC00D21FA7 /* Base */,
			);
			name = LaunchScreen.storyboard;
			sourceTree = "<group>";
		};
/* End PBXVariantGroup section */

/* Begin XCBuildConfiguration section */
		167270B32B9905DC00D21FA7 /* Debug */ = {
			isa = XCBuildConfiguration;
			buildSettings = {
				ALWAYS_SEARCH_USER_PATHS = NO;
				ASSETCATALOG_COMPILER_GENERATE_SWIFT_ASSET_SYMBOL_EXTENSIONS = YES;
				CLANG_ANALYZER_NONNULL = YES;
				CLANG_ANALYZER_NUMBER_OBJECT_CONVERSION = YES_AGGRESSIVE;
				CLANG_CXX_LANGUAGE_STANDARD = "gnu++20";
				CLANG_ENABLE_MODULES = YES;
				CLANG_ENABLE_OBJC_ARC = YES;
				CLANG_ENABLE_OBJC_WEAK = YES;
				CLANG_WARN_BLOCK_CAPTURE_AUTORELEASING = YES;
				CLANG_WARN_BOOL_CONVERSION = YES;
				CLANG_WARN_COMMA = YES;
				CLANG_WARN_CONSTANT_CONVERSION = YES;
				CLANG_WARN_DEPRECATED_OBJC_IMPLEMENTATIONS = YES;
				CLANG_WARN_DIRECT_OBJC_ISA_USAGE = YES_ERROR;
				CLANG_WARN_DOCUMENTATION_COMMENTS = YES;
				CLANG_WARN_EMPTY_BODY = YES;
				CLANG_WARN_ENUM_CONVERSION = YES;
				CLANG_WARN_INFINITE_RECURSION = YES;
				CLANG_WARN_INT_CONVERSION = YES;
				CLANG_WARN_NON_LITERAL_NULL_CONVERSION = YES;
				CLANG_WARN_OBJC_IMPLICIT_RETAIN_SELF = YES;
				CLANG_WARN_OBJC_LITERAL_CONVERSION = YES;
				CLANG_WARN_OBJC_ROOT_CLASS = YES_ERROR;
				CLANG_WARN_QUOTED_INCLUDE_IN_FRAMEWORK_HEADER = YES;
				CLANG_WARN_RANGE_LOOP_ANALYSIS = YES;
				CLANG_WARN_STRICT_PROTOTYPES = YES;
				CLANG_WARN_SUSPICIOUS_MOVE = YES;
				CLANG_WARN_UNGUARDED_AVAILABILITY = YES_AGGRESSIVE;
				CLANG_WARN_UNREACHABLE_CODE = YES;
				CLANG_WARN__DUPLICATE_METHOD_MATCH = YES;
				COPY_PHASE_STRIP = NO;
				DEBUG_INFORMATION_FORMAT = dwarf;
				ENABLE_STRICT_OBJC_MSGSEND = YES;
				ENABLE_TESTABILITY = YES;
				ENABLE_USER_SCRIPT_SANDBOXING = YES;
				GCC_C_LANGUAGE_STANDARD = gnu17;
				GCC_DYNAMIC_NO_PIC = NO;
				GCC_NO_COMMON_BLOCKS = YES;
				GCC_OPTIMIZATION_LEVEL = 0;
				GCC_PREPROCESSOR_DEFINITIONS = (
					"DEBUG=1",
					"$(inherited)",
				);
				GCC_WARN_64_TO_32_BIT_CONVERSION = YES;
				GCC_WARN_ABOUT_RETURN_TYPE = YES_ERROR;
				GCC_WARN_UNDECLARED_SELECTOR = YES;
				GCC_WARN_UNINITIALIZED_AUTOS = YES_AGGRESSIVE;
				GCC_WARN_UNUSED_FUNCTION = YES;
				GCC_WARN_UNUSED_VARIABLE = YES;
				IPHONEOS_DEPLOYMENT_TARGET = 17.2;
				LOCALIZATION_PREFERS_STRING_CATALOGS = YES;
				MTL_ENABLE_DEBUG_INFO = INCLUDE_SOURCE;
				MTL_FAST_MATH = YES;
				ONLY_ACTIVE_ARCH = YES;
				SDKROOT = iphoneos;
				SWIFT_ACTIVE_COMPILATION_CONDITIONS = "DEBUG $(inherited)";
				SWIFT_OPTIMIZATION_LEVEL = "-Onone";
			};
			name = Debug;
		};
		167270B42B9905DC00D21FA7 /* Release */ = {
			isa = XCBuildConfiguration;
			buildSettings = {
				ALWAYS_SEARCH_USER_PATHS = NO;
				ASSETCATALOG_COMPILER_GENERATE_SWIFT_ASSET_SYMBOL_EXTENSIONS = YES;
				CLANG_ANALYZER_NONNULL = YES;
				CLANG_ANALYZER_NUMBER_OBJECT_CONVERSION = YES_AGGRESSIVE;
				CLANG_CXX_LANGUAGE_STANDARD = "gnu++20";
				CLANG_ENABLE_MODULES = YES;
				CLANG_ENABLE_OBJC_ARC = YES;
				CLANG_ENABLE_OBJC_WEAK = YES;
				CLANG_WARN_BLOCK_CAPTURE_AUTORELEASING = YES;
				CLANG_WARN_BOOL_CONVERSION = YES;
				CLANG_WARN_COMMA = YES;
				CLANG_WARN_CONSTANT_CONVERSION = YES;
				CLANG_WARN_DEPRECATED_OBJC_IMPLEMENTATIONS = YES;
				CLANG_WARN_DIRECT_OBJC_ISA_USAGE = YES_ERROR;
				CLANG_WARN_DOCUMENTATION_COMMENTS = YES;
				CLANG_WARN_EMPTY_BODY = YES;
				CLANG_WARN_ENUM_CONVERSION = YES;
				CLANG_WARN_INFINITE_RECURSION = YES;
				CLANG_WARN_INT_CONVERSION = YES;
				CLANG_WARN_NON_LITERAL_NULL_CONVERSION = YES;
				CLANG_WARN_OBJC_IMPLICIT_RETAIN_SELF = YES;
				CLANG_WARN_OBJC_LITERAL_CONVERSION = YES;
				CLANG_WARN_OBJC_ROOT_CLASS = YES_ERROR;
				CLANG_WARN_QUOTED_INCLUDE_IN_FRAMEWORK_HEADER = YES;
				CLANG_WARN_RANGE_LOOP_ANALYSIS = YES;
				CLANG_WARN_STRICT_PROTOTYPES = YES;
				CLANG_WARN_SUSPICIOUS_MOVE = YES;
				CLANG_WARN_UNGUARDED_AVAILABILITY = YES_AGGRESSIVE;
				CLANG_WARN_UNREACHABLE_CODE = YES;
				CLANG_WARN__DUPLICATE_METHOD_MATCH = YES;
				COPY_PHASE_STRIP = NO;
				DEBUG_INFORMATION_FORMAT = "dwarf-with-dsym";
				ENABLE_NS_ASSERTIONS = NO;
				ENABLE_STRICT_OBJC_MSGSEND = YES;
				ENABLE_USER_SCRIPT_SANDBOXING = YES;
				GCC_C_LANGUAGE_STANDARD = gnu17;
				GCC_NO_COMMON_BLOCKS = YES;
				GCC_WARN_64_TO_32_BIT_CONVERSION = YES;
				GCC_WARN_ABOUT_RETURN_TYPE = YES_ERROR;
				GCC_WARN_UNDECLARED_SELECTOR = YES;
				GCC_WARN_UNINITIALIZED_AUTOS = YES_AGGRESSIVE;
				GCC_WARN_UNUSED_FUNCTION = YES;
				GCC_WARN_UNUSED_VARIABLE = YES;
				IPHONEOS_DEPLOYMENT_TARGET = 17.2;
				LOCALIZATION_PREFERS_STRING_CATALOGS = YES;
				MTL_ENABLE_DEBUG_INFO = NO;
				MTL_FAST_MATH = YES;
				SDKROOT = iphoneos;
				SWIFT_COMPILATION_MODE = wholemodule;
				VALIDATE_PRODUCT = YES;
			};
			name = Release;
		};
		167270B62B9905DC00D21FA7 /* Debug */ = {
			isa = XCBuildConfiguration;
			buildSettings = {
				ASSETCATALOG_COMPILER_APPICON_NAME = AppIcon;
				ASSETCATALOG_COMPILER_GLOBAL_ACCENT_COLOR_NAME = AccentColor;
				CODE_SIGN_STYLE = Automatic;
				CURRENT_PROJECT_VERSION = 1;
				GENERATE_INFOPLIST_FILE = YES;
				INFOPLIST_FILE = "Food Delivery/Info.plist";
				INFOPLIST_KEY_UIApplicationSupportsIndirectInputEvents = YES;
				INFOPLIST_KEY_UILaunchStoryboardName = LaunchScreen;
				INFOPLIST_KEY_UISupportedInterfaceOrientations_iPad = "UIInterfaceOrientationPortrait UIInterfaceOrientationPortraitUpsideDown UIInterfaceOrientationLandscapeLeft UIInterfaceOrientationLandscapeRight";
				INFOPLIST_KEY_UISupportedInterfaceOrientations_iPhone = "UIInterfaceOrientationPortrait UIInterfaceOrientationLandscapeLeft UIInterfaceOrientationLandscapeRight";
				LD_RUNPATH_SEARCH_PATHS = (
					"$(inherited)",
					"@executable_path/Frameworks",
				);
				MARKETING_VERSION = 1.0;
				PRODUCT_BUNDLE_IDENTIFIER = "com.TanyaFreaky.Food-Delivery";
				PRODUCT_NAME = "$(TARGET_NAME)";
				SWIFT_EMIT_LOC_STRINGS = YES;
				SWIFT_VERSION = 5.0;
				TARGETED_DEVICE_FAMILY = "1,2";
			};
			name = Debug;
		};
		167270B72B9905DC00D21FA7 /* Release */ = {
			isa = XCBuildConfiguration;
			buildSettings = {
				ASSETCATALOG_COMPILER_APPICON_NAME = AppIcon;
				ASSETCATALOG_COMPILER_GLOBAL_ACCENT_COLOR_NAME = AccentColor;
				CODE_SIGN_STYLE = Automatic;
				CURRENT_PROJECT_VERSION = 1;
				GENERATE_INFOPLIST_FILE = YES;
				INFOPLIST_FILE = "Food Delivery/Info.plist";
				INFOPLIST_KEY_UIApplicationSupportsIndirectInputEvents = YES;
				INFOPLIST_KEY_UILaunchStoryboardName = LaunchScreen;
				INFOPLIST_KEY_UISupportedInterfaceOrientations_iPad = "UIInterfaceOrientationPortrait UIInterfaceOrientationPortraitUpsideDown UIInterfaceOrientationLandscapeLeft UIInterfaceOrientationLandscapeRight";
				INFOPLIST_KEY_UISupportedInterfaceOrientations_iPhone = "UIInterfaceOrientationPortrait UIInterfaceOrientationLandscapeLeft UIInterfaceOrientationLandscapeRight";
				LD_RUNPATH_SEARCH_PATHS = (
					"$(inherited)",
					"@executable_path/Frameworks",
				);
				MARKETING_VERSION = 1.0;
				PRODUCT_BUNDLE_IDENTIFIER = "com.TanyaFreaky.Food-Delivery";
				PRODUCT_NAME = "$(TARGET_NAME)";
				SWIFT_EMIT_LOC_STRINGS = YES;
				SWIFT_VERSION = 5.0;
				TARGETED_DEVICE_FAMILY = "1,2";
			};
			name = Release;
		};
/* End XCBuildConfiguration section */

/* Begin XCConfigurationList section */
		1672709C2B9905DA00D21FA7 /* Build configuration list for PBXProject "Food Delivery" */ = {
			isa = XCConfigurationList;
			buildConfigurations = (
				167270B32B9905DC00D21FA7 /* Debug */,
				167270B42B9905DC00D21FA7 /* Release */,
			);
			defaultConfigurationIsVisible = 0;
			defaultConfigurationName = Release;
		};
		167270B52B9905DC00D21FA7 /* Build configuration list for PBXNativeTarget "Food Delivery" */ = {
			isa = XCConfigurationList;
			buildConfigurations = (
				167270B62B9905DC00D21FA7 /* Debug */,
				167270B72B9905DC00D21FA7 /* Release */,
			);
			defaultConfigurationIsVisible = 0;
			defaultConfigurationName = Release;
		};
/* End XCConfigurationList section */
	};
	rootObject = 167270992B9905DA00D21FA7 /* Project object */;
}
